# This file was autogenerated by uv via the following command:
#    uv pip compile pyproject.toml --extra ml --extra api --extra observability --extra juniper-data --index-strategy unsafe-best-match --no-emit-package torch -o /tmp/requirements.lock.check
annotated-doc==0.0.4
    # via fastapi
annotated-types==0.7.0
    # via pydantic
anyio==4.14.1
    # via
    #   starlette
    #   watchfiles
cachetools==7.1.4
    # via juniper-data
certifi==2026.6.17
    # via
    #   requests
    #   sentry-sdk
charset-normalizer==3.4.7
    # via requests
click==8.4.2
    # via uvicorn
contourpy==1.3.3
    # via matplotlib
cuda-bindings==13.3.1
    # via torch
cuda-pathfinder==1.5.6
    # via cuda-bindings
cuda-toolkit==13.0.2
    # via torch
cycler==0.12.1
    # via matplotlib
fastapi==0.139.0
    # via juniper-cascor (pyproject.toml)
filelock==3.29.5
    # via torch
fonttools==4.63.0
    # via matplotlib
fsspec==2026.6.0
    # via torch
h11==0.16.0
    # via uvicorn
h5py==3.16.0
    # via juniper-cascor (pyproject.toml)
httptools==0.8.0
    # via uvicorn
idna==3.18
    # via
    #   anyio
    #   requests
jinja2==3.1.6
    # via torch
juniper-cascor-protocol==0.1.0
    # via juniper-cascor (pyproject.toml)
juniper-data==0.9.0
    # via juniper-cascor (pyproject.toml)
juniper-data-client==0.4.2
    # via juniper-cascor (pyproject.toml)
juniper-model-core==0.3.0
    # via juniper-cascor (pyproject.toml)
juniper-observability==0.4.0
    # via juniper-cascor (pyproject.toml)
kiwisolver==1.5.0
    # via matplotlib
markupsafe==3.0.3
    # via jinja2
matplotlib==3.11.0
    # via juniper-cascor (pyproject.toml)
mpmath==1.3.0
    # via sympy
networkx==3.6.1
    # via torch
numpy==2.5.0
    # via
    #   juniper-cascor (pyproject.toml)
    #   contourpy
    #   h5py
    #   juniper-cascor-protocol
    #   juniper-data
    #   juniper-data-client
    #   matplotlib
nvidia-cublas==13.1.1.3
    # via
    #   nvidia-cudnn-cu13
    #   nvidia-cusolver
    #   torch
nvidia-cuda-cupti==13.0.85
    # via cuda-toolkit
nvidia-cuda-nvrtc==13.0.88
    # via
    #   cuda-toolkit
    #   nvidia-cublas
nvidia-cuda-runtime==13.0.96
    # via cuda-toolkit
nvidia-cudnn-cu13==9.20.0.48
    # via torch
nvidia-cufft==12.0.0.61
    # via cuda-toolkit
nvidia-cufile==1.15.1.6
    # via cuda-toolkit
nvidia-curand==10.4.0.35
    # via cuda-toolkit
nvidia-cusolver==12.0.4.66
    # via cuda-toolkit
nvidia-cusparse==12.6.3.3
    # via
    #   cuda-toolkit
    #   nvidia-cusolver
nvidia-cusparselt-cu13==0.8.1
    # via torch
nvidia-nccl-cu13==2.29.7
    # via torch
nvidia-nvjitlink==13.0.88
    # via
    #   cuda-toolkit
    #   nvidia-cufft
    #   nvidia-cusolver
    #   nvidia-cusparse
nvidia-nvshmem-cu13==3.4.5
    # via torch
nvidia-nvtx==13.0.85
    # via cuda-toolkit
packaging==26.2
    # via matplotlib
pillow==12.3.0
    # via matplotlib
prometheus-client==0.25.0
    # via juniper-cascor (pyproject.toml)
pydantic==2.13.4
    # via
    #   juniper-cascor (pyproject.toml)
    #   fastapi
    #   juniper-cascor-protocol
    #   juniper-data
    #   juniper-observability
    #   pydantic-settings
pydantic-core==2.46.4
    # via pydantic
pydantic-settings==2.14.2
    # via juniper-cascor (pyproject.toml)
pyparsing==3.3.2
    # via matplotlib
python-dateutil==2.9.0.post0
    # via matplotlib
python-dotenv==1.2.2
    # via
    #   juniper-cascor (pyproject.toml)
    #   juniper-data
    #   pydantic-settings
    #   uvicorn
pyyaml==6.0.3
    # via
    #   juniper-cascor (pyproject.toml)
    #   uvicorn
requests==2.34.2
    # via juniper-data-client
sentry-sdk==2.64.0
    # via juniper-cascor (pyproject.toml)
setuptools==81.0.0
    # via torch
six==1.17.0
    # via python-dateutil
starlette==1.3.1
    # via
    #   juniper-cascor (pyproject.toml)
    #   fastapi
    #   juniper-observability
sympy==1.14.0
    # via torch
triton==3.7.1
    # via torch
typing-extensions==4.16.0
    # via
    #   fastapi
    #   pydantic
    #   pydantic-core
    #   torch
    #   typing-inspection
typing-inspection==0.4.2
    # via
    #   fastapi
    #   pydantic
    #   pydantic-settings
urllib3==2.7.0
    # via
    #   juniper-data-client
    #   requests
    #   sentry-sdk
uvicorn==0.49.0
    # via juniper-cascor (pyproject.toml)
uvloop==0.22.1
    # via uvicorn
watchfiles==1.2.0
    # via uvicorn
websockets==16.0
    # via uvicorn

# The following packages were excluded from the output:
# torch
